
Microsoft Visual Studio Solution File, Format Version 12.00
# Visual Studio Version 17
VisualStudioVersion = 17.5.002.0
MinimumVisualStudioVersion = 10.0.40219.1
Project("{9A19103F-16F7-4668-BE54-9A1E7A4F7556}") = "client", "client\client.csproj", "{2818F941-7149-4897-A456-CD58184DAAA6}"
EndProject
Project("{9A19103F-16F7-4668-BE54-9A1E7A4F7556}") = "middleman", "middleman\middleman.csproj", "{77318E6A-CE1D-4FFD-91A9-71D2BED09B39}"
EndProject
Project("{9A19103F-16F7-4668-BE54-9A1E7A4F7556}") = "server", "server\server.csproj", "{20BC761C-C6CE-4831-A406-B233778D42CC}"
EndProject
Global
	GlobalSection(SolutionConfigurationPlatforms) = preSolution
		Debug|Any CPU = Debug|Any CPU
		Release|Any CPU = Release|Any CPU
	EndGlobalSection
	GlobalSection(ProjectConfigurationPlatforms) = postSolution
		{2818F941-7149-4897-A456-CD58184DAAA6}.Debug|Any CPU.ActiveCfg = Debug|Any CPU
		{2818F941-7149-4897-A456-CD58184DAAA6}.Debug|Any CPU.Build.0 = Debug|Any CPU
		{2818F941-7149-4897-A456-CD58184DAAA6}.Release|Any CPU.ActiveCfg = Release|Any CPU
		{2818F941-7149-4897-A456-CD58184DAAA6}.Release|Any CPU.Build.0 = Release|Any CPU
		{77318E6A-CE1D-4FFD-91A9-71D2BED09B39}.Debug|Any CPU.ActiveCfg = Debug|Any CPU
		{77318E6A-CE1D-4FFD-91A9-71D2BED09B39}.Debug|Any CPU.Build.0 = Debug|Any CPU
		{77318E6A-CE1D-4FFD-91A9-71D2BED09B39}.Release|Any CPU.ActiveCfg = Release|Any CPU
		{77318E6A-CE1D-4FFD-91A9-71D2BED09B39}.Release|Any CPU.Build.0 = Release|Any CPU
		{20BC761C-C6CE-4831-A406-B233778D42CC}.Debug|Any CPU.ActiveCfg = Debug|Any CPU
		{20BC761C-C6CE-4831-A406-B233778D42CC}.Debug|Any CPU.Build.0 = Debug|Any CPU
		{20BC761C-C6CE-4831-A406-B233778D42CC}.Release|Any CPU.ActiveCfg = Release|Any CPU
		{20BC761C-C6CE-4831-A406-B233778D42CC}.Release|Any CPU.Build.0 = Release|Any CPU
	EndGlobalSection
	GlobalSection(SolutionProperties) = preSolution
		HideSolutionNode = FALSE
	EndGlobalSection
	GlobalSection(ExtensibilityGlobals) = postSolution
		SolutionGuid = {0BCBCED6-5B1A-4262-9095-32B4CF63042A}
	EndGlobalSection
EndGlobal
